
Microsoft Visual Studio Solution File, Format Version 12.00
# Visual Studio 15
VisualStudioVersion = 15.0.26124.0
MinimumVisualStudioVersion = 15.0.26124.0
Project("{FAE04EC0-301F-11D3-BF4B-00C04F79EFBC}") = "Done.Core", "Done.Core\Done.Core.csproj", "{3848B33A-1E2D-4F68-91BC-BC080860181B}"
EndProject
Project("{FAE04EC0-301F-11D3-BF4B-00C04F79EFBC}") = "Done.Core.Data", "Done.Core.Data\Done.Core.Data.csproj", "{EA369F45-D5A5-4607-ACF1-72F018E8D0A9}"
EndProject
Project("{FAE04EC0-301F-11D3-BF4B-00C04F79EFBC}") = "Done.Core.Web", "Done.Core.Web\Done.Core.Web.csproj", "{D0C8D57F-4AF8-447A-AF3B-7984BCD0C498}"
EndProject
Project("{FAE04EC0-301F-11D3-BF4B-00C04F79EFBC}") = "Done.Data", "Done.Data\Done.Data.csproj", "{9687FE9E-0A9E-4943-A349-42924503C993}"
EndProject
Project("{FAE04EC0-301F-11D3-BF4B-00C04F79EFBC}") = "Done.Domain", "Done.Domain\Done.Domain.csproj", "{0441DCE7-89E6-4AA4-A311-FBA1BEED8933}"
EndProject
Project("{FAE04EC0-301F-11D3-BF4B-00C04F79EFBC}") = "Done.Web", "Done.Web\Done.Web.csproj", "{21F28A9B-7293-4B29-83E1-538A51283991}"
EndProject
Project("{FAE04EC0-301F-11D3-BF4B-00C04F79EFBC}") = "Done.AdminTool", "Done.AdminTool\Done.AdminTool.csproj", "{772B4AF3-CD6B-41C8-888B-D6DCBA591107}"
EndProject
Global
	GlobalSection(SolutionConfigurationPlatforms) = preSolution
		Debug|Any CPU = Debug|Any CPU
		Debug|x64 = Debug|x64
		Debug|x86 = Debug|x86
		Release|Any CPU = Release|Any CPU
		Release|x64 = Release|x64
		Release|x86 = Release|x86
	EndGlobalSection
	GlobalSection(SolutionProperties) = preSolution
		HideSolutionNode = FALSE
	EndGlobalSection
	GlobalSection(ProjectConfigurationPlatforms) = postSolution
		{3848B33A-1E2D-4F68-91BC-BC080860181B}.Debug|Any CPU.ActiveCfg = Debug|Any CPU
		{3848B33A-1E2D-4F68-91BC-BC080860181B}.Debug|Any CPU.Build.0 = Debug|Any CPU
		{3848B33A-1E2D-4F68-91BC-BC080860181B}.Debug|x64.ActiveCfg = Debug|x64
		{3848B33A-1E2D-4F68-91BC-BC080860181B}.Debug|x64.Build.0 = Debug|x64
		{3848B33A-1E2D-4F68-91BC-BC080860181B}.Debug|x86.ActiveCfg = Debug|x86
		{3848B33A-1E2D-4F68-91BC-BC080860181B}.Debug|x86.Build.0 = Debug|x86
		{3848B33A-1E2D-4F68-91BC-BC080860181B}.Release|Any CPU.ActiveCfg = Release|Any CPU
		{3848B33A-1E2D-4F68-91BC-BC080860181B}.Release|Any CPU.Build.0 = Release|Any CPU
		{3848B33A-1E2D-4F68-91BC-BC080860181B}.Release|x64.ActiveCfg = Release|x64
		{3848B33A-1E2D-4F68-91BC-BC080860181B}.Release|x64.Build.0 = Release|x64
		{3848B33A-1E2D-4F68-91BC-BC080860181B}.Release|x86.ActiveCfg = Release|x86
		{3848B33A-1E2D-4F68-91BC-BC080860181B}.Release|x86.Build.0 = Release|x86
		{EA369F45-D5A5-4607-ACF1-72F018E8D0A9}.Debug|Any CPU.ActiveCfg = Debug|Any CPU
		{EA369F45-D5A5-4607-ACF1-72F018E8D0A9}.Debug|Any CPU.Build.0 = Debug|Any CPU
		{EA369F45-D5A5-4607-ACF1-72F018E8D0A9}.Debug|x64.ActiveCfg = Debug|x64
		{EA369F45-D5A5-4607-ACF1-72F018E8D0A9}.Debug|x64.Build.0 = Debug|x64
		{EA369F45-D5A5-4607-ACF1-72F018E8D0A9}.Debug|x86.ActiveCfg = Debug|x86
		{EA369F45-D5A5-4607-ACF1-72F018E8D0A9}.Debug|x86.Build.0 = Debug|x86
		{EA369F45-D5A5-4607-ACF1-72F018E8D0A9}.Release|Any CPU.ActiveCfg = Release|Any CPU
		{EA369F45-D5A5-4607-ACF1-72F018E8D0A9}.Release|Any CPU.Build.0 = Release|Any CPU
		{EA369F45-D5A5-4607-ACF1-72F018E8D0A9}.Release|x64.ActiveCfg = Release|x64
		{EA369F45-D5A5-4607-ACF1-72F018E8D0A9}.Release|x64.Build.0 = Release|x64
		{EA369F45-D5A5-4607-ACF1-72F018E8D0A9}.Release|x86.ActiveCfg = Release|x86
		{EA369F45-D5A5-4607-ACF1-72F018E8D0A9}.Release|x86.Build.0 = Release|x86
		{D0C8D57F-4AF8-447A-AF3B-7984BCD0C498}.Debug|Any CPU.ActiveCfg = Debug|Any CPU
		{D0C8D57F-4AF8-447A-AF3B-7984BCD0C498}.Debug|Any CPU.Build.0 = Debug|Any CPU
		{D0C8D57F-4AF8-447A-AF3B-7984BCD0C498}.Debug|x64.ActiveCfg = Debug|x64
		{D0C8D57F-4AF8-447A-AF3B-7984BCD0C498}.Debug|x64.Build.0 = Debug|x64
		{D0C8D57F-4AF8-447A-AF3B-7984BCD0C498}.Debug|x86.ActiveCfg = Debug|x86
		{D0C8D57F-4AF8-447A-AF3B-7984BCD0C498}.Debug|x86.Build.0 = Debug|x86
		{D0C8D57F-4AF8-447A-AF3B-7984BCD0C498}.Release|Any CPU.ActiveCfg = Release|Any CPU
		{D0C8D57F-4AF8-447A-AF3B-7984BCD0C498}.Release|Any CPU.Build.0 = Release|Any CPU
		{D0C8D57F-4AF8-447A-AF3B-7984BCD0C498}.Release|x64.ActiveCfg = Release|x64
		{D0C8D57F-4AF8-447A-AF3B-7984BCD0C498}.Release|x64.Build.0 = Release|x64
		{D0C8D57F-4AF8-447A-AF3B-7984BCD0C498}.Release|x86.ActiveCfg = Release|x86
		{D0C8D57F-4AF8-447A-AF3B-7984BCD0C498}.Release|x86.Build.0 = Release|x86
		{9687FE9E-0A9E-4943-A349-42924503C993}.Debug|Any CPU.ActiveCfg = Debug|Any CPU
		{9687FE9E-0A9E-4943-A349-42924503C993}.Debug|Any CPU.Build.0 = Debug|Any CPU
		{9687FE9E-0A9E-4943-A349-42924503C993}.Debug|x64.ActiveCfg = Debug|x64
		{9687FE9E-0A9E-4943-A349-42924503C993}.Debug|x64.Build.0 = Debug|x64
		{9687FE9E-0A9E-4943-A349-42924503C993}.Debug|x86.ActiveCfg = Debug|x86
		{9687FE9E-0A9E-4943-A349-42924503C993}.Debug|x86.Build.0 = Debug|x86
		{9687FE9E-0A9E-4943-A349-42924503C993}.Release|Any CPU.ActiveCfg = Release|Any CPU
		{9687FE9E-0A9E-4943-A349-42924503C993}.Release|Any CPU.Build.0 = Release|Any CPU
		{9687FE9E-0A9E-4943-A349-42924503C993}.Release|x64.ActiveCfg = Release|x64
		{9687FE9E-0A9E-4943-A349-42924503C993}.Release|x64.Build.0 = Release|x64
		{9687FE9E-0A9E-4943-A349-42924503C993}.Release|x86.ActiveCfg = Release|x86
		{9687FE9E-0A9E-4943-A349-42924503C993}.Release|x86.Build.0 = Release|x86
		{0441DCE7-89E6-4AA4-A311-FBA1BEED8933}.Debug|Any CPU.ActiveCfg = Debug|Any CPU
		{0441DCE7-89E6-4AA4-A311-FBA1BEED8933}.Debug|Any CPU.Build.0 = Debug|Any CPU
		{0441DCE7-89E6-4AA4-A311-FBA1BEED8933}.Debug|x64.ActiveCfg = Debug|x64
		{0441DCE7-89E6-4AA4-A311-FBA1BEED8933}.Debug|x64.Build.0 = Debug|x64
		{0441DCE7-89E6-4AA4-A311-FBA1BEED8933}.Debug|x86.ActiveCfg = Debug|x86
		{0441DCE7-89E6-4AA4-A311-FBA1BEED8933}.Debug|x86.Build.0 = Debug|x86
		{0441DCE7-89E6-4AA4-A311-FBA1BEED8933}.Release|Any CPU.ActiveCfg = Release|Any CPU
		{0441DCE7-89E6-4AA4-A311-FBA1BEED8933}.Release|Any CPU.Build.0 = Release|Any CPU
		{0441DCE7-89E6-4AA4-A311-FBA1BEED8933}.Release|x64.ActiveCfg = Release|x64
		{0441DCE7-89E6-4AA4-A311-FBA1BEED8933}.Release|x64.Build.0 = Release|x64
		{0441DCE7-89E6-4AA4-A311-FBA1BEED8933}.Release|x86.ActiveCfg = Release|x86
		{0441DCE7-89E6-4AA4-A311-FBA1BEED8933}.Release|x86.Build.0 = Release|x86
		{21F28A9B-7293-4B29-83E1-538A51283991}.Debug|Any CPU.ActiveCfg = Debug|Any CPU
		{21F28A9B-7293-4B29-83E1-538A51283991}.Debug|Any CPU.Build.0 = Debug|Any CPU
		{21F28A9B-7293-4B29-83E1-538A51283991}.Debug|x64.ActiveCfg = Debug|x64
		{21F28A9B-7293-4B29-83E1-538A51283991}.Debug|x64.Build.0 = Debug|x64
		{21F28A9B-7293-4B29-83E1-538A51283991}.Debug|x86.ActiveCfg = Debug|x86
		{21F28A9B-7293-4B29-83E1-538A51283991}.Debug|x86.Build.0 = Debug|x86
		{21F28A9B-7293-4B29-83E1-538A51283991}.Release|Any CPU.ActiveCfg = Release|Any CPU
		{21F28A9B-7293-4B29-83E1-538A51283991}.Release|Any CPU.Build.0 = Release|Any CPU
		{21F28A9B-7293-4B29-83E1-538A51283991}.Release|x64.ActiveCfg = Release|x64
		{21F28A9B-7293-4B29-83E1-538A51283991}.Release|x64.Build.0 = Release|x64
		{21F28A9B-7293-4B29-83E1-538A51283991}.Release|x86.ActiveCfg = Release|x86
		{21F28A9B-7293-4B29-83E1-538A51283991}.Release|x86.Build.0 = Release|x86
		{772B4AF3-CD6B-41C8-888B-D6DCBA591107}.Debug|Any CPU.ActiveCfg = Debug|Any CPU
		{772B4AF3-CD6B-41C8-888B-D6DCBA591107}.Debug|Any CPU.Build.0 = Debug|Any CPU
		{772B4AF3-CD6B-41C8-888B-D6DCBA591107}.Debug|x64.ActiveCfg = Debug|x64
		{772B4AF3-CD6B-41C8-888B-D6DCBA591107}.Debug|x64.Build.0 = Debug|x64
		{772B4AF3-CD6B-41C8-888B-D6DCBA591107}.Debug|x86.ActiveCfg = Debug|x86
		{772B4AF3-CD6B-41C8-888B-D6DCBA591107}.Debug|x86.Build.0 = Debug|x86
		{772B4AF3-CD6B-41C8-888B-D6DCBA591107}.Release|Any CPU.ActiveCfg = Release|Any CPU
		{772B4AF3-CD6B-41C8-888B-D6DCBA591107}.Release|Any CPU.Build.0 = Release|Any CPU
		{772B4AF3-CD6B-41C8-888B-D6DCBA591107}.Release|x64.ActiveCfg = Release|x64
		{772B4AF3-CD6B-41C8-888B-D6DCBA591107}.Release|x64.Build.0 = Release|x64
		{772B4AF3-CD6B-41C8-888B-D6DCBA591107}.Release|x86.ActiveCfg = Release|x86
		{772B4AF3-CD6B-41C8-888B-D6DCBA591107}.Release|x86.Build.0 = Release|x86
	EndGlobalSection
EndGlobal
